
Microsoft Visual Studio Solution File, Format Version 10.00
# Visual Studio 2008
Project("{FAE04EC0-301F-11D3-BF4B-00C04F79EFBC}") = "dropkick", "dropkick\dropkick.csproj", "{867543EF-6659-4ECA-B27A-4C2A98B7BF4C}"
EndProject
Project("{FAE04EC0-301F-11D3-BF4B-00C04F79EFBC}") = "dropkick.specs", "dropkick.specs\dropkick.specs.csproj", "{8887DF54-C08C-46EE-9ACB-E62A082A6042}"
EndProject
Global
	GlobalSection(SolutionConfigurationPlatforms) = preSolution
		Debug|Any CPU = Debug|Any CPU
		Release|Any CPU = Release|Any CPU
	EndGlobalSection
	GlobalSection(ProjectConfigurationPlatforms) = postSolution
		{867543EF-6659-4ECA-B27A-4C2A98B7BF4C}.Debug|Any CPU.ActiveCfg = Debug|Any CPU
		{867543EF-6659-4ECA-B27A-4C2A98B7BF4C}.Debug|Any CPU.Build.0 = Debug|Any CPU
		{867543EF-6659-4ECA-B27A-4C2A98B7BF4C}.Release|Any CPU.ActiveCfg = Release|Any CPU
		{867543EF-6659-4ECA-B27A-4C2A98B7BF4C}.Release|Any CPU.Build.0 = Release|Any CPU
		{8887DF54-C08C-46EE-9ACB-E62A082A6042}.Debug|Any CPU.ActiveCfg = Debug|Any CPU
		{8887DF54-C08C-46EE-9ACB-E62A082A6042}.Debug|Any CPU.Build.0 = Debug|Any CPU
		{8887DF54-C08C-46EE-9ACB-E62A082A6042}.Release|Any CPU.ActiveCfg = Release|Any CPU
		{8887DF54-C08C-46EE-9ACB-E62A082A6042}.Release|Any CPU.Build.0 = Release|Any CPU
	EndGlobalSection
	GlobalSection(SolutionProperties) = preSolution
		HideSolutionNode = FALSE
	EndGlobalSection
EndGlobal
